// !$*UTF8*$!
{
	archiveVersion = 1;
	classes = {
	};
	objectVersion = 55;
	objects = {

/* Begin PBXBuildFile section */
		86F5DF4D292E0BF1005F8FDE /* AppDelegate.swift in Sources */ = {isa = PBXBuildFile; fileRef = 86F5DF4C292E0BF1005F8FDE /* AppDelegate.swift */; };
		86F5DF4F292E0BF1005F8FDE /* SceneDelegate.swift in Sources */ = {isa = PBXBuildFile; fileRef = 86F5DF4E292E0BF1005F8FDE /* SceneDelegate.swift */; };
		86F5DF51292E0BF1005F8FDE /* ViewController.swift in Sources */ = {isa = PBXBuildFile; fileRef = 86F5DF50292E0BF1005F8FDE /* ViewController.swift */; };
		86F5DF54292E0BF1005F8FDE /* Main.storyboard in Resources */ = {isa = PBXBuildFile; fileRef = 86F5DF52292E0BF1005F8FDE /* Main.storyboard */; };
		86F5DF56292E0BF3005F8FDE /* Assets.xcassets in Resources */ = {isa = PBXBuildFile; fileRef = 86F5DF55292E0BF3005F8FDE /* Assets.xcassets */; };
		86F5DF59292E0BF3005F8FDE /* LaunchScreen.storyboard in Resources */ = {isa = PBXBuildFile; fileRef = 86F5DF57292E0BF3005F8FDE /* LaunchScreen.storyboard */; };
		CA09F1CD39C7F1BBCB8950E9 /* Pods_ZegoVideoConferenceDemo.framework in Frameworks */ = {isa = PBXBuildFile; fileRef = 7EC86200FF918B9AA6B3EFB8 /* Pods_ZegoVideoConferenceDemo.framework */; };
/* End PBXBuildFile section */

/* Begin PBXFileReference section */
		33D460D77C102429234B04F6 /* Pods-ZegoVideoConferenceDemo.debug.xcconfig */ = {isa = PBXFileReference; includeInIndex = 1; lastKnownFileType = text.xcconfig; name = "Pods-ZegoVideoConferenceDemo.debug.xcconfig"; path = "Target Support Files/Pods-ZegoVideoConferenceDemo/Pods-ZegoVideoConferenceDemo.debug.xcconfig"; sourceTree = "<group>"; };
		7EC86200FF918B9AA6B3EFB8 /* Pods_ZegoVideoConferenceDemo.framework */ = {isa = PBXFileReference; explicitFileType = wrapper.framework; includeInIndex = 0; path = Pods_ZegoVideoConferenceDemo.framework; sourceTree = BUILT_PRODUCTS_DIR; };
		86F5DF49292E0BF1005F8FDE /* ZegoVideoConferenceDemo.app */ = {isa = PBXFileReference; explicitFileType = wrapper.application; includeInIndex = 0; path = ZegoVideoConferenceDemo.app; sourceTree = BUILT_PRODUCTS_DIR; };
		86F5DF4C292E0BF1005F8FDE /* AppDelegate.swift */ = {isa = PBXFileReference; lastKnownFileType = sourcecode.swift; path = AppDelegate.swift; sourceTree = "<group>"; };
		86F5DF4E292E0BF1005F8FDE /* SceneDelegate.swift */ = {isa = PBXFileReference; lastKnownFileType = sourcecode.swift; path = SceneDelegate.swift; sourceTree = "<group>"; };
		86F5DF50292E0BF1005F8FDE /* ViewController.swift */ = {isa = PBXFileReference; lastKnownFileType = sourcecode.swift; path = ViewController.swift; sourceTree = "<group>"; };
		86F5DF53292E0BF1005F8FDE /* Base */ = {isa = PBXFileReference; lastKnownFileType = file.storyboard; name = Base; path = Base.lproj/Main.storyboard; sourceTree = "<group>"; };
		86F5DF55292E0BF3005F8FDE /* Assets.xcassets */ = {isa = PBXFileReference; lastKnownFileType = folder.assetcatalog; path = Assets.xcassets; sourceTree = "<group>"; };
		86F5DF58292E0BF3005F8FDE /* Base */ = {isa = PBXFileReference; lastKnownFileType = file.storyboard; name = Base; path = Base.lproj/LaunchScreen.storyboard; sourceTree = "<group>"; };
		86F5DF5A292E0BF3005F8FDE /* Info.plist */ = {isa = PBXFileReference; lastKnownFileType = text.plist.xml; path = Info.plist; sourceTree = "<group>"; };
		D1D285AF4BEA52DDD3C598BF /* Pods-ZegoVideoConferenceDemo.release.xcconfig */ = {isa = PBXFileReference; includeInIndex = 1; lastKnownFileType = text.xcconfig; name = "Pods-ZegoVideoConferenceDemo.release.xcconfig"; path = "Target Support Files/Pods-ZegoVideoConferenceDemo/Pods-ZegoVideoConferenceDemo.release.xcconfig"; sourceTree = "<group>"; };
/* End PBXFileReference section */

/* Begin PBXFrameworksBuildPhase section */
		86F5DF46292E0BF1005F8FDE /* Frameworks */ = {
			isa = PBXFrameworksBuildPhase;
			buildActionMask = 2147483647;
			files = (
				CA09F1CD39C7F1BBCB8950E9 /* Pods_ZegoVideoConferenceDemo.framework in Frameworks */,
			);
			runOnlyForDeploymentPostprocessing = 0;
		};
/* End PBXFrameworksBuildPhase section */

/* Begin PBXGroup section */
		144567A5A6B01E36A9B0921C /* Frameworks */ = {
			isa = PBXGroup;
			children = (
				7EC86200FF918B9AA6B3EFB8 /* Pods_ZegoVideoConferenceDemo.framework */,
			);
			name = Frameworks;
			sourceTree = "<group>";
		};
		3DA0253A1B037D4FD140D552 /* Pods */ = {
			isa = PBXGroup;
			children = (
				33D460D77C102429234B04F6 /* Pods-ZegoVideoConferenceDemo.debug.xcconfig */,
				D1D285AF4BEA52DDD3C598BF /* Pods-ZegoVideoConferenceDemo.release.xcconfig */,
			);
			path = Pods;
			sourceTree = "<group>";
		};
		86F5DF40292E0BF1005F8FDE = {
			isa = PBXGroup;
			children = (
				86F5DF4B292E0BF1005F8FDE /* ZegoVideoConferenceDemo */,
				86F5DF4A292E0BF1005F8FDE /* Products */,
				3DA0253A1B037D4FD140D552 /* Pods */,
				144567A5A6B01E36A9B0921C /* Frameworks */,
			);
			sourceTree = "<group>";
		};
		86F5DF4A292E0BF1005F8FDE /* Products */ = {
			isa = PBXGroup;
			children = (
				86F5DF49292E0BF1005F8FDE /* ZegoVideoConferenceDemo.app */,
			);
			name = Products;
			sourceTree = "<group>";
		};
		86F5DF4B292E0BF1005F8FDE /* ZegoVideoConferenceDemo */ = {
			isa = PBXGroup;
			children = (
				86F5DF4C292E0BF1005F8FDE /* AppDelegate.swift */,
				86F5DF4E292E0BF1005F8FDE /* SceneDelegate.swift */,
				86F5DF50292E0BF1005F8FDE /* ViewController.swift */,
				86F5DF52292E0BF1005F8FDE /* Main.storyboard */,
				86F5DF55292E0BF3005F8FDE /* Assets.xcassets */,
				86F5DF57292E0BF3005F8FDE /* LaunchScreen.storyboard */,
				86F5DF5A292E0BF3005F8FDE /* Info.plist */,
			);
			path = ZegoVideoConferenceDemo;
			sourceTree = "<group>";
		};
/* End PBXGroup section */

/* Begin PBXNativeTarget section */
		86F5DF48292E0BF1005F8FDE /* ZegoVideoConferenceDemo */ = {
			isa = PBXNativeTarget;
			buildConfigurationList = 86F5DF5D292E0BF3005F8FDE /* Build configuration list for PBXNativeTarget "ZegoVideoConferenceDemo" */;
			buildPhases = (
				9600F6370CDD3743F33AF73A /* [CP] Check Pods Manifest.lock */,
				86F5DF45292E0BF1005F8FDE /* Sources */,
				86F5DF46292E0BF1005F8FDE /* Frameworks */,
				86F5DF47292E0BF1005F8FDE /* Resources */,
				F7BEBD9A4D0E333262F3D684 /* [CP] Embed Pods Frameworks */,
			);
			buildRules = (
			);
			dependencies = (
			);
			name = ZegoVideoConferenceDemo;
			productName = ZegoVideoConferenceDemo;
			productReference = 86F5DF49292E0BF1005F8FDE /* ZegoVideoConferenceDemo.app */;
			productType = "com.apple.product-type.application";
		};
/* End PBXNativeTarget section */

/* Begin PBXProject section */
		86F5DF41292E0BF1005F8FDE /* Project object */ = {
			isa = PBXProject;
			attributes = {
				BuildIndependentTargetsInParallel = 1;
				LastSwiftUpdateCheck = 1310;
				LastUpgradeCheck = 1310;
				TargetAttributes = {
					86F5DF48292E0BF1005F8FDE = {
						CreatedOnToolsVersion = 13.1;
					};
				};
			};
			buildConfigurationList = 86F5DF44292E0BF1005F8FDE /* Build configuration list for PBXProject "ZegoVideoConferenceDemo" */;
			compatibilityVersion = "Xcode 13.0";
			developmentRegion = en;
			hasScannedForEncodings = 0;
			knownRegions = (
				en,
				Base,
			);
			mainGroup = 86F5DF40292E0BF1005F8FDE;
			productRefGroup = 86F5DF4A292E0BF1005F8FDE /* Products */;
			projectDirPath = "";
			projectRoot = "";
			targets = (
				86F5DF48292E0BF1005F8FDE /* ZegoVideoConferenceDemo */,
			);
		};
/* End PBXProject section */

/* Begin PBXResourcesBuildPhase section */
		86F5DF47292E0BF1005F8FDE /* Resources */ = {
			isa = PBXResourcesBuildPhase;
			buildActionMask = 2147483647;
			files = (
				86F5DF59292E0BF3005F8FDE /* LaunchScreen.storyboard in Resources */,
				86F5DF56292E0BF3005F8FDE /* Assets.xcassets in Resources */,
				86F5DF54292E0BF1005F8FDE /* Main.storyboard in Resources */,
			);
			runOnlyForDeploymentPostprocessing = 0;
		};
/* End PBXResourcesBuildPhase section */

/* Begin PBXShellScriptBuildPhase section */
		9600F6370CDD3743F33AF73A /* [CP] Check Pods Manifest.lock */ = {
			isa = PBXShellScriptBuildPhase;
			buildActionMask = 2147483647;
			files = (
			);
			inputFileListPaths = (
			);
			inputPaths = (
				"${PODS_PODFILE_DIR_PATH}/Podfile.lock",
				"${PODS_ROOT}/Manifest.lock",
			);
			name = "[CP] Check Pods Manifest.lock";
			outputFileListPaths = (
			);
			outputPaths = (
				"$(DERIVED_FILE_DIR)/Pods-ZegoVideoConferenceDemo-checkManifestLockResult.txt",
			);
			runOnlyForDeploymentPostprocessing = 0;
			shellPath = /bin/sh;
			shellScript = "diff \"${PODS_PODFILE_DIR_PATH}/Podfile.lock\" \"${PODS_ROOT}/Manifest.lock\" > /dev/null\nif [ $? != 0 ] ; then\n    # print error to STDERR\n    echo \"error: The sandbox is not in sync with the Podfile.lock. Run 'pod install' or update your CocoaPods installation.\" >&2\n    exit 1\nfi\n# This output is used by Xcode 'outputs' to avoid re-running this script phase.\necho \"SUCCESS\" > \"${SCRIPT_OUTPUT_FILE_0}\"\n";
			showEnvVarsInLog = 0;
		};
		F7BEBD9A4D0E333262F3D684 /* [CP] Embed Pods Frameworks */ = {
			isa = PBXShellScriptBuildPhase;
			buildActionMask = 2147483647;
			files = (
			);
			inputFileListPaths = (
				"${PODS_ROOT}/Target Support Files/Pods-ZegoVideoConferenceDemo/Pods-ZegoVideoConferenceDemo-frameworks-${CONFIGURATION}-input-files.xcfilelist",
			);
			name = "[CP] Embed Pods Frameworks";
			outputFileListPaths = (
				"${PODS_ROOT}/Target Support Files/Pods-ZegoVideoConferenceDemo/Pods-ZegoVideoConferenceDemo-frameworks-${CONFIGURATION}-output-files.xcfilelist",
			);
			runOnlyForDeploymentPostprocessing = 0;
			shellPath = /bin/sh;
			shellScript = "\"${PODS_ROOT}/Target Support Files/Pods-ZegoVideoConferenceDemo/Pods-ZegoVideoConferenceDemo-frameworks.sh\"\n";
			showEnvVarsInLog = 0;
		};
/* End PBXShellScriptBuildPhase section */

/* Begin PBXSourcesBuildPhase section */
		86F5DF45292E0BF1005F8FDE /* Sources */ = {
			isa = PBXSourcesBuildPhase;
			buildActionMask = 2147483647;
			files = (
				86F5DF51292E0BF1005F8FDE /* ViewController.swift in Sources */,
				86F5DF4D292E0BF1005F8FDE /* AppDelegate.swift in Sources */,
				86F5DF4F292E0BF1005F8FDE /* SceneDelegate.swift in Sources */,
			);
			runOnlyForDeploymentPostprocessing = 0;
		};
/* End PBXSourcesBuildPhase section */

/* Begin PBXVariantGroup section */
		86F5DF52292E0BF1005F8FDE /* Main.storyboard */ = {
			isa = PBXVariantGroup;
			children = (
				86F5DF53292E0BF1005F8FDE /* Base */,
			);
			name = Main.storyboard;
			sourceTree = "<group>";
		};
		86F5DF57292E0BF3005F8FDE /* LaunchScreen.storyboard */ = {
			isa = PBXVariantGroup;
			children = (
				86F5DF58292E0BF3005F8FDE /* Base */,
			);
			name = LaunchScreen.storyboard;
			sourceTree = "<group>";
		};
/* End PBXVariantGroup section */

/* Begin XCBuildConfiguration section */
		86F5DF5B292E0BF3005F8FDE /* Debug */ = {
			isa = XCBuildConfiguration;
			buildSettings = {
				ALWAYS_SEARCH_USER_PATHS = NO;
				CLANG_ANALYZER_NONNULL = YES;
				CLANG_ANALYZER_NUMBER_OBJECT_CONVERSION = YES_AGGRESSIVE;
				CLANG_CXX_LANGUAGE_STANDARD = "gnu++17";
				CLANG_CXX_LIBRARY = "libc++";
				CLANG_ENABLE_MODULES = YES;
				CLANG_ENABLE_OBJC_ARC = YES;
				CLANG_ENABLE_OBJC_WEAK = YES;
				CLANG_WARN_BLOCK_CAPTURE_AUTORELEASING = YES;
				CLANG_WARN_BOOL_CONVERSION = YES;
				CLANG_WARN_COMMA = YES;
				CLANG_WARN_CONSTANT_CONVERSION = YES;
				CLANG_WARN_DEPRECATED_OBJC_IMPLEMENTATIONS = YES;
				CLANG_WARN_DIRECT_OBJC_ISA_USAGE = YES_ERROR;
				CLANG_WARN_DOCUMENTATION_COMMENTS = YES;
				CLANG_WARN_EMPTY_BODY = YES;
				CLANG_WARN_ENUM_CONVERSION = YES;
				CLANG_WARN_INFINITE_RECURSION = YES;
				CLANG_WARN_INT_CONVERSION = YES;
				CLANG_WARN_NON_LITERAL_NULL_CONVERSION = YES;
				CLANG_WARN_OBJC_IMPLICIT_RETAIN_SELF = YES;
				CLANG_WARN_OBJC_LITERAL_CONVERSION = YES;
				CLANG_WARN_OBJC_ROOT_CLASS = YES_ERROR;
				CLANG_WARN_QUOTED_INCLUDE_IN_FRAMEWORK_HEADER = YES;
				CLANG_WARN_RANGE_LOOP_ANALYSIS = YES;
				CLANG_WARN_STRICT_PROTOTYPES = YES;
				CLANG_WARN_SUSPICIOUS_MOVE = YES;
				CLANG_WARN_UNGUARDED_AVAILABILITY = YES_AGGRESSIVE;
				CLANG_WARN_UNREACHABLE_CODE = YES;
				CLANG_WARN__DUPLICATE_METHOD_MATCH = YES;
				COPY_PHASE_STRIP = NO;
				DEBUG_INFORMATION_FORMAT = dwarf;
				ENABLE_STRICT_OBJC_MSGSEND = YES;
				ENABLE_TESTABILITY = YES;
				GCC_C_LANGUAGE_STANDARD = gnu11;
				GCC_DYNAMIC_NO_PIC = NO;
				GCC_NO_COMMON_BLOCKS = YES;
				GCC_OPTIMIZATION_LEVEL = 0;
				GCC_PREPROCESSOR_DEFINITIONS = (
					"DEBUG=1",
					"$(inherited)",
				);
				GCC_WARN_64_TO_32_BIT_CONVERSION = YES;
				GCC_WARN_ABOUT_RETURN_TYPE = YES_ERROR;
				GCC_WARN_UNDECLARED_SELECTOR = YES;
				GCC_WARN_UNINITIALIZED_AUTOS = YES_AGGRESSIVE;
				GCC_WARN_UNUSED_FUNCTION = YES;
				GCC_WARN_UNUSED_VARIABLE = YES;
				IPHONEOS_DEPLOYMENT_TARGET = 15.0;
				MTL_ENABLE_DEBUG_INFO = INCLUDE_SOURCE;
				MTL_FAST_MATH = YES;
				ONLY_ACTIVE_ARCH = YES;
				SDKROOT = iphoneos;
				SWIFT_ACTIVE_COMPILATION_CONDITIONS = DEBUG;
				SWIFT_OPTIMIZATION_LEVEL = "-Onone";
			};
			name = Debug;
		};
		86F5DF5C292E0BF3005F8FDE /* Release */ = {
			isa = XCBuildConfiguration;
			buildSettings = {
				ALWAYS_SEARCH_USER_PATHS = NO;
				CLANG_ANALYZER_NONNULL = YES;
				CLANG_ANALYZER_NUMBER_OBJECT_CONVERSION = YES_AGGRESSIVE;
				CLANG_CXX_LANGUAGE_STANDARD = "gnu++17";
				CLANG_CXX_LIBRARY = "libc++";
				CLANG_ENABLE_MODULES = YES;
				CLANG_ENABLE_OBJC_ARC = YES;
				CLANG_ENABLE_OBJC_WEAK = YES;
				CLANG_WARN_BLOCK_CAPTURE_AUTORELEASING = YES;
				CLANG_WARN_BOOL_CONVERSION = YES;
				CLANG_WARN_COMMA = YES;
				CLANG_WARN_CONSTANT_CONVERSION = YES;
				CLANG_WARN_DEPRECATED_OBJC_IMPLEMENTATIONS = YES;
				CLANG_WARN_DIRECT_OBJC_ISA_USAGE = YES_ERROR;
				CLANG_WARN_DOCUMENTATION_COMMENTS = YES;
				CLANG_WARN_EMPTY_BODY = YES;
				CLANG_WARN_ENUM_CONVERSION = YES;
				CLANG_WARN_INFINITE_RECURSION = YES;
				CLANG_WARN_INT_CONVERSION = YES;
				CLANG_WARN_NON_LITERAL_NULL_CONVERSION = YES;
				CLANG_WARN_OBJC_IMPLICIT_RETAIN_SELF = YES;
				CLANG_WARN_OBJC_LITERAL_CONVERSION = YES;
				CLANG_WARN_OBJC_ROOT_CLASS = YES_ERROR;
				CLANG_WARN_QUOTED_INCLUDE_IN_FRAMEWORK_HEADER = YES;
				CLANG_WARN_RANGE_LOOP_ANALYSIS = YES;
				CLANG_WARN_STRICT_PROTOTYPES = YES;
				CLANG_WARN_SUSPICIOUS_MOVE = YES;
				CLANG_WARN_UNGUARDED_AVAILABILITY = YES_AGGRESSIVE;
				CLANG_WARN_UNREACHABLE_CODE = YES;
				CLANG_WARN__DUPLICATE_METHOD_MATCH = YES;
				COPY_PHASE_STRIP = NO;
				DEBUG_INFORMATION_FORMAT = "dwarf-with-dsym";
				ENABLE_NS_ASSERTIONS = NO;
				ENABLE_STRICT_OBJC_MSGSEND = YES;
				GCC_C_LANGUAGE_STANDARD = gnu11;
				GCC_NO_COMMON_BLOCKS = YES;
				GCC_WARN_64_TO_32_BIT_CONVERSION = YES;
				GCC_WARN_ABOUT_RETURN_TYPE = YES_ERROR;
				GCC_WARN_UNDECLARED_SELECTOR = YES;
				GCC_WARN_UNINITIALIZED_AUTOS = YES_AGGRESSIVE;
				GCC_WARN_UNUSED_FUNCTION = YES;
				GCC_WARN_UNUSED_VARIABLE = YES;
				IPHONEOS_DEPLOYMENT_TARGET = 15.0;
				MTL_ENABLE_DEBUG_INFO = NO;
				MTL_FAST_MATH = YES;
				SDKROOT = iphoneos;
				SWIFT_COMPILATION_MODE = wholemodule;
				SWIFT_OPTIMIZATION_LEVEL = "-O";
				VALIDATE_PRODUCT = YES;
			};
			name = Release;
		};
		86F5DF5E292E0BF3005F8FDE /* Debug */ = {
			isa = XCBuildConfiguration;
			baseConfigurationReference = 33D460D77C102429234B04F6 /* Pods-ZegoVideoConferenceDemo.debug.xcconfig */;
			buildSettings = {
				ASSETCATALOG_COMPILER_APPICON_NAME = AppIcon;
				ASSETCATALOG_COMPILER_GLOBAL_ACCENT_COLOR_NAME = AccentColor;
				CODE_SIGN_STYLE = Automatic;
				CURRENT_PROJECT_VERSION = 1;
				DEVELOPMENT_TEAM = B82BHJ5H89;
				GENERATE_INFOPLIST_FILE = YES;
				INFOPLIST_FILE = ZegoVideoConferenceDemo/Info.plist;
				INFOPLIST_KEY_NSCameraUsageDescription = "";
				INFOPLIST_KEY_NSMicrophoneUsageDescription = "";
				INFOPLIST_KEY_UIApplicationSupportsIndirectInputEvents = YES;
				INFOPLIST_KEY_UILaunchStoryboardName = LaunchScreen;
				INFOPLIST_KEY_UIMainStoryboardFile = Main;
				INFOPLIST_KEY_UISupportedInterfaceOrientations_iPad = "UIInterfaceOrientationPortrait UIInterfaceOrientationPortraitUpsideDown UIInterfaceOrientationLandscapeLeft UIInterfaceOrientationLandscapeRight";
				INFOPLIST_KEY_UISupportedInterfaceOrientations_iPhone = "UIInterfaceOrientationPortrait UIInterfaceOrientationLandscapeLeft UIInterfaceOrientationLandscapeRight";
				IPHONEOS_DEPLOYMENT_TARGET = 13.0;
				LD_RUNPATH_SEARCH_PATHS = (
					"$(inherited)",
					"@executable_path/Frameworks",
				);
				MARKETING_VERSION = 1.0;
				PRODUCT_BUNDLE_IDENTIFIER = com.zegocloud.uikit.videoconference.ZegoVideoConferenceDemo;
				PRODUCT_NAME = "$(TARGET_NAME)";
				SWIFT_EMIT_LOC_STRINGS = YES;
				SWIFT_VERSION = 5.0;
				TARGETED_DEVICE_FAMILY = "1,2";
			};
			name = Debug;
		};
		86F5DF5F292E0BF3005F8FDE /* Release */ = {
			isa = XCBuildConfiguration;
			baseConfigurationReference = D1D285AF4BEA52DDD3C598BF /* Pods-ZegoVideoConferenceDemo.release.xcconfig */;
			buildSettings = {
				ASSETCATALOG_COMPILER_APPICON_NAME = AppIcon;
				ASSETCATALOG_COMPILER_GLOBAL_ACCENT_COLOR_NAME = AccentColor;
				CODE_SIGN_STYLE = Automatic;
				CURRENT_PROJECT_VERSION = 1;
				DEVELOPMENT_TEAM = B82BHJ5H89;
				GENERATE_INFOPLIST_FILE = YES;
				INFOPLIST_FILE = ZegoVideoConferenceDemo/Info.plist;
				INFOPLIST_KEY_NSCameraUsageDescription = "";
				INFOPLIST_KEY_NSMicrophoneUsageDescription = "";
				INFOPLIST_KEY_UIApplicationSupportsIndirectInputEvents = YES;
				INFOPLIST_KEY_UILaunchStoryboardName = LaunchScreen;
				INFOPLIST_KEY_UIMainStoryboardFile = Main;
				INFOPLIST_KEY_UISupportedInterfaceOrientations_iPad = "UIInterfaceOrientationPortrait UIInterfaceOrientationPortraitUpsideDown UIInterfaceOrientationLandscapeLeft UIInterfaceOrientationLandscapeRight";
				INFOPLIST_KEY_UISupportedInterfaceOrientations_iPhone = "UIInterfaceOrientationPortrait UIInterfaceOrientationLandscapeLeft UIInterfaceOrientationLandscapeRight";
				IPHONEOS_DEPLOYMENT_TARGET = 13.0;
				LD_RUNPATH_SEARCH_PATHS = (
					"$(inherited)",
					"@executable_path/Frameworks",
				);
				MARKETING_VERSION = 1.0;
				PRODUCT_BUNDLE_IDENTIFIER = com.zegocloud.uikit.videoconference.ZegoVideoConferenceDemo;
				PRODUCT_NAME = "$(TARGET_NAME)";
				SWIFT_EMIT_LOC_STRINGS = YES;
				SWIFT_VERSION = 5.0;
				TARGETED_DEVICE_FAMILY = "1,2";
			};
			name = Release;
		};
/* End XCBuildConfiguration section */

/* Begin XCConfigurationList section */
		86F5DF44292E0BF1005F8FDE /* Build configuration list for PBXProject "ZegoVideoConferenceDemo" */ = {
			isa = XCConfigurationList;
			buildConfigurations = (
				86F5DF5B292E0BF3005F8FDE /* Debug */,
				86F5DF5C292E0BF3005F8FDE /* Release */,
			);
			defaultConfigurationIsVisible = 0;
			defaultConfigurationName = Release;
		};
		86F5DF5D292E0BF3005F8FDE /* Build configuration list for PBXNativeTarget "ZegoVideoConferenceDemo" */ = {
			isa = XCConfigurationList;
			buildConfigurations = (
				86F5DF5E292E0BF3005F8FDE /* Debug */,
				86F5DF5F292E0BF3005F8FDE /* Release */,
			);
			defaultConfigurationIsVisible = 0;
			defaultConfigurationName = Release;
		};
/* End XCConfigurationList section */
	};
	rootObject = 86F5DF41292E0BF1005F8FDE /* Project object */;
}
